
Microsoft Visual Studio Solution File, Format Version 12.00
# Visual Studio 15
VisualStudioVersion = 15.0.28307.271
MinimumVisualStudioVersion = 10.0.40219.1
Project("{FAE04EC0-301F-11D3-BF4B-00C04F79EFBC}") = "Hola Mundo", "Hola Mundo\Hola Mundo.csproj", "{EE2123AB-B479-474C-A21D-E273FD5E6A5A}"
EndProject
Global
	GlobalSection(SolutionConfigurationPlatforms) = preSolution
		Debug|Any CPU = Debug|Any CPU
		Release|Any CPU = Release|Any CPU
	EndGlobalSection
	GlobalSection(ProjectConfigurationPlatforms) = postSolution
		{EE2123AB-B479-474C-A21D-E273FD5E6A5A}.Debug|Any CPU.ActiveCfg = Debug|Any CPU
		{EE2123AB-B479-474C-A21D-E273FD5E6A5A}.Debug|Any CPU.Build.0 = Debug|Any CPU
		{EE2123AB-B479-474C-A21D-E273FD5E6A5A}.Release|Any CPU.ActiveCfg = Release|Any CPU
		{EE2123AB-B479-474C-A21D-E273FD5E6A5A}.Release|Any CPU.Build.0 = Release|Any CPU
	EndGlobalSection
	GlobalSection(SolutionProperties) = preSolution
		HideSolutionNode = FALSE
	EndGlobalSection
	GlobalSection(ExtensibilityGlobals) = postSolution
		SolutionGuid = {EF2FCEE8-72C1-4D03-91BD-D779EA8F5B04}
	EndGlobalSection
EndGlobal
